
Microsoft Visual Studio Solution File, Format Version 12.00
# Visual Studio 14
VisualStudioVersion = 14.0.25420.1
MinimumVisualStudioVersion = 10.0.40219.1
Project("{FAE04EC0-301F-11D3-BF4B-00C04F79EFBC}") = "TheDinnerQuestion", "TheDinnerQuestion\TheDinnerQuestion.csproj", "{D8346A19-D152-4B0A-9BC0-C9E50DF98002}"
EndProject
Project("{FAE04EC0-301F-11D3-BF4B-00C04F79EFBC}") = "BusinessLogic", "BusinessLogic\BusinessLogic.csproj", "{8022ED7D-B493-4675-AEE8-306102CD0303}"
EndProject
Project("{FAE04EC0-301F-11D3-BF4B-00C04F79EFBC}") = "Entities", "Entities\Entities.csproj", "{C7A38E02-F3FD-477B-8A14-C289C4AEE747}"
EndProject
Project("{FAE04EC0-301F-11D3-BF4B-00C04F79EFBC}") = "DataAccess", "DataAccess\DataAccess.csproj", "{B698468F-98DF-4312-ACA3-12327884DA3B}"
EndProject
Project("{2150E333-8FDC-42A3-9474-1A3956D46DE8}") = "Global", "Global", "{C3A56EA3-0E1C-4522-B0A0-473D1941E33E}"
EndProject
Project("{FAE04EC0-301F-11D3-BF4B-00C04F79EFBC}") = "CommonComponents", "CommonComponents\CommonComponents.csproj", "{2BB1DA32-FCC4-4C35-B467-2D9F49E76400}"
EndProject
Project("{2150E333-8FDC-42A3-9474-1A3956D46DE8}") = "Presentation", "Presentation", "{AE6CA5C4-064A-4998-80EA-1001628E14BB}"
EndProject
Project("{FAE04EC0-301F-11D3-BF4B-00C04F79EFBC}") = "TheDinnerQuestionAPI", "TheDinnerQuestionAPI\TheDinnerQuestionAPI.csproj", "{E310EBFB-7712-4D8A-993F-A59D7DB01639}"
EndProject
Global
	GlobalSection(SolutionConfigurationPlatforms) = preSolution
		Debug|Any CPU = Debug|Any CPU
		Release|Any CPU = Release|Any CPU
	EndGlobalSection
	GlobalSection(ProjectConfigurationPlatforms) = postSolution
		{D8346A19-D152-4B0A-9BC0-C9E50DF98002}.Debug|Any CPU.ActiveCfg = Debug|Any CPU
		{D8346A19-D152-4B0A-9BC0-C9E50DF98002}.Debug|Any CPU.Build.0 = Debug|Any CPU
		{D8346A19-D152-4B0A-9BC0-C9E50DF98002}.Release|Any CPU.ActiveCfg = Release|Any CPU
		{D8346A19-D152-4B0A-9BC0-C9E50DF98002}.Release|Any CPU.Build.0 = Release|Any CPU
		{8022ED7D-B493-4675-AEE8-306102CD0303}.Debug|Any CPU.ActiveCfg = Debug|Any CPU
		{8022ED7D-B493-4675-AEE8-306102CD0303}.Debug|Any CPU.Build.0 = Debug|Any CPU
		{8022ED7D-B493-4675-AEE8-306102CD0303}.Release|Any CPU.ActiveCfg = Release|Any CPU
		{8022ED7D-B493-4675-AEE8-306102CD0303}.Release|Any CPU.Build.0 = Release|Any CPU
		{C7A38E02-F3FD-477B-8A14-C289C4AEE747}.Debug|Any CPU.ActiveCfg = Debug|Any CPU
		{C7A38E02-F3FD-477B-8A14-C289C4AEE747}.Debug|Any CPU.Build.0 = Debug|Any CPU
		{C7A38E02-F3FD-477B-8A14-C289C4AEE747}.Release|Any CPU.ActiveCfg = Release|Any CPU
		{C7A38E02-F3FD-477B-8A14-C289C4AEE747}.Release|Any CPU.Build.0 = Release|Any CPU
		{B698468F-98DF-4312-ACA3-12327884DA3B}.Debug|Any CPU.ActiveCfg = Debug|Any CPU
		{B698468F-98DF-4312-ACA3-12327884DA3B}.Debug|Any CPU.Build.0 = Debug|Any CPU
		{B698468F-98DF-4312-ACA3-12327884DA3B}.Release|Any CPU.ActiveCfg = Release|Any CPU
		{B698468F-98DF-4312-ACA3-12327884DA3B}.Release|Any CPU.Build.0 = Release|Any CPU
		{2BB1DA32-FCC4-4C35-B467-2D9F49E76400}.Debug|Any CPU.ActiveCfg = Debug|Any CPU
		{2BB1DA32-FCC4-4C35-B467-2D9F49E76400}.Debug|Any CPU.Build.0 = Debug|Any CPU
		{2BB1DA32-FCC4-4C35-B467-2D9F49E76400}.Release|Any CPU.ActiveCfg = Release|Any CPU
		{2BB1DA32-FCC4-4C35-B467-2D9F49E76400}.Release|Any CPU.Build.0 = Release|Any CPU
		{E310EBFB-7712-4D8A-993F-A59D7DB01639}.Debug|Any CPU.ActiveCfg = Debug|Any CPU
		{E310EBFB-7712-4D8A-993F-A59D7DB01639}.Debug|Any CPU.Build.0 = Debug|Any CPU
		{E310EBFB-7712-4D8A-993F-A59D7DB01639}.Release|Any CPU.ActiveCfg = Release|Any CPU
		{E310EBFB-7712-4D8A-993F-A59D7DB01639}.Release|Any CPU.Build.0 = Release|Any CPU
	EndGlobalSection
	GlobalSection(SolutionProperties) = preSolution
		HideSolutionNode = FALSE
	EndGlobalSection
	GlobalSection(NestedProjects) = preSolution
		{D8346A19-D152-4B0A-9BC0-C9E50DF98002} = {AE6CA5C4-064A-4998-80EA-1001628E14BB}
		{C7A38E02-F3FD-477B-8A14-C289C4AEE747} = {C3A56EA3-0E1C-4522-B0A0-473D1941E33E}
		{2BB1DA32-FCC4-4C35-B467-2D9F49E76400} = {C3A56EA3-0E1C-4522-B0A0-473D1941E33E}
		{E310EBFB-7712-4D8A-993F-A59D7DB01639} = {AE6CA5C4-064A-4998-80EA-1001628E14BB}
	EndGlobalSection
EndGlobal
